
Microsoft Visual Studio Solution File, Format Version 12.00
# Visual Studio Version 17
VisualStudioVersion = 17.11.35312.102
MinimumVisualStudioVersion = 10.0.40219.1
Project("{FAE04EC0-301F-11D3-BF4B-00C04F79EFBC}") = "UkraineCitiesApp", "UkraineCitiesApp\UkraineCitiesApp.csproj", "{982FD2B5-CC52-493E-82AA-BA4CAC44EDFD}"
EndProject
Global
	GlobalSection(SolutionConfigurationPlatforms) = preSolution
		Debug|Any CPU = Debug|Any CPU
		Release|Any CPU = Release|Any CPU
	EndGlobalSection
	GlobalSection(ProjectConfigurationPlatforms) = postSolution
		{982FD2B5-CC52-493E-82AA-BA4CAC44EDFD}.Debug|Any CPU.ActiveCfg = Debug|Any CPU
		{982FD2B5-CC52-493E-82AA-BA4CAC44EDFD}.Debug|Any CPU.Build.0 = Debug|Any CPU
		{982FD2B5-CC52-493E-82AA-BA4CAC44EDFD}.Debug|Any CPU.Deploy.0 = Debug|Any CPU
		{982FD2B5-CC52-493E-82AA-BA4CAC44EDFD}.Release|Any CPU.ActiveCfg = Release|Any CPU
		{982FD2B5-CC52-493E-82AA-BA4CAC44EDFD}.Release|Any CPU.Build.0 = Release|Any CPU
		{982FD2B5-CC52-493E-82AA-BA4CAC44EDFD}.Release|Any CPU.Deploy.0 = Release|Any CPU
	EndGlobalSection
	GlobalSection(SolutionProperties) = preSolution
		HideSolutionNode = FALSE
	EndGlobalSection
	GlobalSection(ExtensibilityGlobals) = postSolution
		SolutionGuid = {E5C3E8F2-BB74-49D6-9D2C-8015D8E7C4EE}
	EndGlobalSection
EndGlobal
